<?xml version="1.0" encoding="utf-8"?>
<Project ToolsVersion="4.0" xmlns="http://schemas.microsoft.com/developer/msbuild/2003">
	<ItemGroup>
		<Filter Include="ソース ファイル">
			<UniqueIdentifier>{4FC737F1-C7A5-4376-A066-2A32D752A2FF}</UniqueIdentifier>
			<Extensions>cpp;c;cc;cxx;c++;cppm;ixx;def;odl;idl;hpj;bat;asm;asmx</Extensions>
		</Filter>
		<Filter Include="ヘッダー ファイル">
			<UniqueIdentifier>{93995380-89BD-4b04-88EB-625FBE52EBFB}</UniqueIdentifier>
			<Extensions>h;hh;hpp;hxx;h++;hm;inl;inc;ipp;xsd</Extensions>
		</Filter>
		<Filter Include="リソース ファイル">
			<UniqueIdentifier>{67DA6AB6-F800-4c08-8B7A-83BB121AAD01}</UniqueIdentifier>
			<Extensions>rc;ico;cur;bmp;dlg;rc2;rct;bin;rgs;gif;jpg;jpeg;jpe;resx;tiff;tif;png;wav;mfcribbon-ms</Extensions>
		</Filter>
	</ItemGroup>
	<ItemGroup>
		<ClCompile Include="main.cpp">
			<Filter>ソース ファイル</Filter>
		</ClCompile>
		<ClCompile Include="player.cpp">
			<Filter>ソース ファイル</Filter>
		</ClCompile>
		<ClCompile Include="apple.cpp">
			<Filter>ソース ファイル</Filter>
		</ClCompile>
		<ClCompile Include="ranking.cpp">
			<Filter>ソース ファイル</Filter>
		</ClCompile>
	</ItemGroup>
	<ItemGroup>
		<ClInclude Include="main.h">
			<Filter>ヘッダー ファイル</Filter>
		</ClInclude>
		<ClInclude Include="player.h">
			<Filter>ヘッダー ファイル</Filter>
		</ClInclude>
		<ClInclude Include="apple.h">
			<Filter>ヘッダー ファイル</Filter>
		</ClInclude>
		<ClInclude Include="ranking.h">
			<Filter>ヘッダー ファイル</Filter>
		</ClInclude>
	</ItemGroup>
	<ItemGroup>
		<ResourceCompile Include="..\Resource.rc">
			<Filter>リソース ファイル</Filter>
		</ResourceCompile>
	</ItemGroup>
	<ItemGroup>
		<Image Include="images\apple.png">
			<Filter>リソース ファイル</Filter>
		</Image>
		<Image Include="images\background.png">
			<Filter>リソース ファイル</Filter>
		</Image>
		<Image Include="images\End.png">
			<Filter>リソース ファイル</Filter>
		</Image>
		<Image Include="images\player.png">
			<Filter>リソース ファイル</Filter>
		</Image>
		<Image Include="images\Ranking.png">
			<Filter>リソース ファイル</Filter>
		</Image>
		<Image Include="images\Title.png">
			<Filter>リソース ファイル</Filter>
		</Image>
		<Image Include="images\End2.png">
			<Filter>リソース ファイル</Filter>
		</Image>
	</ItemGroup>
	<ItemGroup>
		<Font Include="Fonts\jkmarugo\JK-Maru-Gothic-M.otf" />
	</ItemGroup>
	<ItemGroup>
		<Text Include="dat\rankingdata.txt" />
		<Text Include="Sound\BGM\LICENCE.txt" />
	</ItemGroup>
	<ItemGroup>
		<Media Include="Sound\SE\count.wav">
			<Filter>リソース ファイル</Filter>
		</Media>
		<Media Include="Sound\SE\gold_apple.wav">
			<Filter>リソース ファイル</Filter>
		</Media>
		<Media Include="Sound\SE\Key_Remove.wav">
			<Filter>リソース ファイル</Filter>
		</Media>
		<Media Include="Sound\SE\OK.wav">
			<Filter>リソース ファイル</Filter>
		</Media>
		<Media Include="Sound\SE\Poison_Apple.wav">
			<Filter>リソース ファイル</Filter>
		</Media>
		<Media Include="Sound\SE\Red&amp;Green_Apple.wav">
			<Filter>リソース ファイル</Filter>
		</Media>
		<Media Include="Sound\SE\Return.wav">
			<Filter>リソース ファイル</Filter>
		</Media>
		<Media Include="Sound\SE\Selecter.wav">
			<Filter>リソース ファイル</Filter>
		</Media>
		<Media Include="Sound\BGM\End.wav">
			<Filter>リソース ファイル</Filter>
		</Media>
		<Media Include="Sound\BGM\GameMain.wav">
			<Filter>リソース ファイル</Filter>
		</Media>
		<Media Include="Sound\BGM\Ranking.wav">
			<Filter>リソース ファイル</Filter>
		</Media>
		<Media Include="Sound\BGM\Title.wav">
			<Filter>リソース ファイル</Filter>
		</Media>
	</ItemGroup>
</Project>